
Microsoft Visual Studio Solution File, Format Version 12.00
# Visual Studio Version 17
VisualStudioVersion = 17.9.34616.47
MinimumVisualStudioVersion = 10.0.40219.1
Project("{FAE04EC0-301F-11D3-BF4B-00C04F79EFBC}") = "Server", "B3\Server.csproj", "{17C4BF6C-3218-427A-A30B-E9D8F6696458}"
EndProject
Project("{FAE04EC0-301F-11D3-BF4B-00C04F79EFBC}") = "Client", "Client\Client.csproj", "{83368407-9C9A-47AE-BDD9-2B6BE244D5B9}"
EndProject
Global
	GlobalSection(SolutionConfigurationPlatforms) = preSolution
		Debug|Any CPU = Debug|Any CPU
		Release|Any CPU = Release|Any CPU
	EndGlobalSection
	GlobalSection(ProjectConfigurationPlatforms) = postSolution
		{17C4BF6C-3218-427A-A30B-E9D8F6696458}.Debug|Any CPU.ActiveCfg = Debug|Any CPU
		{17C4BF6C-3218-427A-A30B-E9D8F6696458}.Debug|Any CPU.Build.0 = Debug|Any CPU
		{17C4BF6C-3218-427A-A30B-E9D8F6696458}.Release|Any CPU.ActiveCfg = Release|Any CPU
		{17C4BF6C-3218-427A-A30B-E9D8F6696458}.Release|Any CPU.Build.0 = Release|Any CPU
		{83368407-9C9A-47AE-BDD9-2B6BE244D5B9}.Debug|Any CPU.ActiveCfg = Debug|Any CPU
		{83368407-9C9A-47AE-BDD9-2B6BE244D5B9}.Debug|Any CPU.Build.0 = Debug|Any CPU
		{83368407-9C9A-47AE-BDD9-2B6BE244D5B9}.Release|Any CPU.ActiveCfg = Release|Any CPU
		{83368407-9C9A-47AE-BDD9-2B6BE244D5B9}.Release|Any CPU.Build.0 = Release|Any CPU
	EndGlobalSection
	GlobalSection(SolutionProperties) = preSolution
		HideSolutionNode = FALSE
	EndGlobalSection
	GlobalSection(ExtensibilityGlobals) = postSolution
		SolutionGuid = {7797C783-AECC-4992-B2A5-CDFC1534232D}
	EndGlobalSection
EndGlobal
